
Microsoft Visual Studio Solution File, Format Version 12.00
# Visual Studio 15
VisualStudioVersion = 15.0.28307.329
MinimumVisualStudioVersion = 10.0.40219.1
Project("{FAE04EC0-301F-11D3-BF4B-00C04F79EFBC}") = "DevOps", "DevOps\DevOps.csproj", "{ED2BCDF0-EA17-4DAE-8E1D-AE94BDABEEF1}"
EndProject
Project("{FAE04EC0-301F-11D3-BF4B-00C04F79EFBC}") = "DevOps.Tests", "DevOps.Tests\DevOps.Tests.csproj", "{ADD6C759-0D7B-4901-BD84-F512B02401F8}"
EndProject
Global
	GlobalSection(SolutionConfigurationPlatforms) = preSolution
		Debug|Any CPU = Debug|Any CPU
		Release|Any CPU = Release|Any CPU
	EndGlobalSection
	GlobalSection(ProjectConfigurationPlatforms) = postSolution
		{ED2BCDF0-EA17-4DAE-8E1D-AE94BDABEEF1}.Debug|Any CPU.ActiveCfg = Debug|Any CPU
		{ED2BCDF0-EA17-4DAE-8E1D-AE94BDABEEF1}.Debug|Any CPU.Build.0 = Debug|Any CPU
		{ED2BCDF0-EA17-4DAE-8E1D-AE94BDABEEF1}.Release|Any CPU.ActiveCfg = Release|Any CPU
		{ED2BCDF0-EA17-4DAE-8E1D-AE94BDABEEF1}.Release|Any CPU.Build.0 = Release|Any CPU
		{ADD6C759-0D7B-4901-BD84-F512B02401F8}.Debug|Any CPU.ActiveCfg = Debug|Any CPU
		{ADD6C759-0D7B-4901-BD84-F512B02401F8}.Debug|Any CPU.Build.0 = Debug|Any CPU
		{ADD6C759-0D7B-4901-BD84-F512B02401F8}.Release|Any CPU.ActiveCfg = Release|Any CPU
		{ADD6C759-0D7B-4901-BD84-F512B02401F8}.Release|Any CPU.Build.0 = Release|Any CPU
	EndGlobalSection
	GlobalSection(SolutionProperties) = preSolution
		HideSolutionNode = FALSE
	EndGlobalSection
	GlobalSection(ExtensibilityGlobals) = postSolution
		SolutionGuid = {37086DBE-CD64-44C6-B92E-D30EB74EDFE7}
	EndGlobalSection
EndGlobal
